lockfileVersion: '9.0'

settings:
  autoInstallPeers: true
  excludeLinksFromLockfile: false

importers:

  .:
    dependencies:
      update-browserslist-db:
        specifier: ^1.1.3
        version: 1.1.3(browserslist@4.25.1)
    devDependencies:
      dayjs:
        specifier: ^1.11.13
        version: 1.11.13

packages:

  browserslist@4.25.1:
    resolution: {integrity: sha512-KGj0KoOMXLpSNkkEI6Z6mShmQy0bc1I+T7K9N81k4WWMrfz+6fQ6es80B/YLAeRoKvjYE1YSHHOW1qe9xIVzHw==}
    engines: {node: ^6 || ^7 || ^8 || ^9 || ^10 || ^11 || ^12 || >=13.7}
    hasBin: true

  caniuse-lite@1.0.30001731:
    resolution: {integrity: sha512-lDdp2/wrOmTRWuoB5DpfNkC0rJDU8DqRa6nYL6HK6sytw70QMopt/NIc/9SM7ylItlBWfACXk0tEn37UWM/+mg==}

  dayjs@1.11.13:
    resolution: {integrity: sha512-oaMBel6gjolK862uaPQOVTA7q3TZhuSvuMQAAglQDOWYO9A91IrAOUJEyKVlqJlHE0vq5p5UXxzdPfMH/x6xNg==}

  electron-to-chromium@1.5.194:
    resolution: {integrity: sha512-SdnWJwSUot04UR51I2oPD8kuP2VI37/CADR1OHsFOUzZIvfWJBO6q11k5P/uKNyTT3cdOsnyjkrZ+DDShqYqJA==}

  escalade@3.2.0:
    resolution: {integrity: sha512-WUj2qlxaQtO4g6Pq5c29GTcWGDyd8itL8zTlipgECz3JesAiiOKotd8JU6otB3PACgG6xkJUyVhboMS+bje/jA==}
    engines: {node: '>=6'}

  node-releases@2.0.19:
    resolution: {integrity: sha512-xxOWJsBKtzAq7DY0J+DTzuz58K8e7sJbdgwkbMWQe8UYB6ekmsQ45q0M/tJDsGaZmbC+l7n57UV8Hl5tHxO9uw==}

  picocolors@1.1.1:
    resolution: {integrity: sha512-xceH2snhtb5M9liqDsmEw56le376mTZkEX/jEb/RxNFyegNul7eNslCXP9FDj/Lcu0X8KEyMceP2ntpaHrDEVA==}

  update-browserslist-db@1.1.3:
    resolution: {integrity: sha512-UxhIZQ+QInVdunkDAaiazvvT/+fXL5Osr0JZlJulepYu6Jd7qJtDZjlur0emRlT71EN3ScPoE7gvsuIKKNavKw==}
    hasBin: true
    peerDependencies:
      browserslist: '>= 4.21.0'

snapshots:

  browserslist@4.25.1:
    dependencies:
      caniuse-lite: 1.0.30001731
      electron-to-chromium: 1.5.194
      node-releases: 2.0.19
      update-browserslist-db: 1.1.3(browserslist@4.25.1)

  caniuse-lite@1.0.30001731: {}

  dayjs@1.11.13: {}

  electron-to-chromium@1.5.194: {}

  escalade@3.2.0: {}

  node-releases@2.0.19: {}

  picocolors@1.1.1: {}

  update-browserslist-db@1.1.3(browserslist@4.25.1):
    dependencies:
      browserslist: 4.25.1
      escalade: 3.2.0
      picocolors: 1.1.1
